
Microsoft Visual Studio Solution File, Format Version 12.00
# Visual Studio Version 17
VisualStudioVersion = 17.7.34221.43
MinimumVisualStudioVersion = 10.0.40219.1
Project("{FAE04EC0-301F-11D3-BF4B-00C04F79EFBC}") = "Account", "Account\Account.csproj", "{925FA650-336C-4F2D-BD20-809697C6FD0B}"
EndProject
Global
	GlobalSection(SolutionConfigurationPlatforms) = preSolution
		Debug|Any CPU = Debug|Any CPU
		Release|Any CPU = Release|Any CPU
	EndGlobalSection
	GlobalSection(ProjectConfigurationPlatforms) = postSolution
		{925FA650-336C-4F2D-BD20-809697C6FD0B}.Debug|Any CPU.ActiveCfg = Debug|Any CPU
		{925FA650-336C-4F2D-BD20-809697C6FD0B}.Debug|Any CPU.Build.0 = Debug|Any CPU
		{925FA650-336C-4F2D-BD20-809697C6FD0B}.Release|Any CPU.ActiveCfg = Release|Any CPU
		{925FA650-336C-4F2D-BD20-809697C6FD0B}.Release|Any CPU.Build.0 = Release|Any CPU
	EndGlobalSection
	GlobalSection(SolutionProperties) = preSolution
		HideSolutionNode = FALSE
	EndGlobalSection
	GlobalSection(ExtensibilityGlobals) = postSolution
		SolutionGuid = {0F55ABC9-82CB-42C8-B095-2F1DCA5E4F7F}
	EndGlobalSection
EndGlobal
